
Microsoft Visual Studio Solution File, Format Version 12.00
# Visual Studio 15
VisualStudioVersion = 15.0.28307.329
MinimumVisualStudioVersion = 10.0.40219.1
Project("{FAE04EC0-301F-11D3-BF4B-00C04F79EFBC}") = "Sentry_Manual", "Sentry_Manual\Sentry_Manual.csproj", "{26CB9596-E98E-485B-80FF-A3B5ED46FA24}"
EndProject
Project("{FAE04EC0-301F-11D3-BF4B-00C04F79EFBC}") = "PidControllerNET", "PidControllerNET\PidControllerNET.csproj", "{1C04DDBE-3CCC-4F04-85E4-FF7C63BED83E}"
EndProject
Global
	GlobalSection(SolutionConfigurationPlatforms) = preSolution
		Debug|Any CPU = Debug|Any CPU
		Debug|ARM = Debug|ARM
		Debug|x64 = Debug|x64
		Debug|x86 = Debug|x86
		Release|Any CPU = Release|Any CPU
		Release|ARM = Release|ARM
		Release|x64 = Release|x64
		Release|x86 = Release|x86
	EndGlobalSection
	GlobalSection(ProjectConfigurationPlatforms) = postSolution
		{26CB9596-E98E-485B-80FF-A3B5ED46FA24}.Debug|Any CPU.ActiveCfg = Debug|Any CPU
		{26CB9596-E98E-485B-80FF-A3B5ED46FA24}.Debug|Any CPU.Build.0 = Debug|Any CPU
		{26CB9596-E98E-485B-80FF-A3B5ED46FA24}.Debug|ARM.ActiveCfg = Debug|Any CPU
		{26CB9596-E98E-485B-80FF-A3B5ED46FA24}.Debug|ARM.Build.0 = Debug|Any CPU
		{26CB9596-E98E-485B-80FF-A3B5ED46FA24}.Debug|x64.ActiveCfg = Debug|Any CPU
		{26CB9596-E98E-485B-80FF-A3B5ED46FA24}.Debug|x64.Build.0 = Debug|Any CPU
		{26CB9596-E98E-485B-80FF-A3B5ED46FA24}.Debug|x86.ActiveCfg = Debug|Any CPU
		{26CB9596-E98E-485B-80FF-A3B5ED46FA24}.Debug|x86.Build.0 = Debug|Any CPU
		{26CB9596-E98E-485B-80FF-A3B5ED46FA24}.Release|Any CPU.ActiveCfg = Release|Any CPU
		{26CB9596-E98E-485B-80FF-A3B5ED46FA24}.Release|Any CPU.Build.0 = Release|Any CPU
		{26CB9596-E98E-485B-80FF-A3B5ED46FA24}.Release|ARM.ActiveCfg = Release|Any CPU
		{26CB9596-E98E-485B-80FF-A3B5ED46FA24}.Release|ARM.Build.0 = Release|Any CPU
		{26CB9596-E98E-485B-80FF-A3B5ED46FA24}.Release|x64.ActiveCfg = Release|Any CPU
		{26CB9596-E98E-485B-80FF-A3B5ED46FA24}.Release|x64.Build.0 = Release|Any CPU
		{26CB9596-E98E-485B-80FF-A3B5ED46FA24}.Release|x86.ActiveCfg = Release|Any CPU
		{26CB9596-E98E-485B-80FF-A3B5ED46FA24}.Release|x86.Build.0 = Release|Any CPU
		{1C04DDBE-3CCC-4F04-85E4-FF7C63BED83E}.Debug|Any CPU.ActiveCfg = Debug|Any CPU
		{1C04DDBE-3CCC-4F04-85E4-FF7C63BED83E}.Debug|Any CPU.Build.0 = Debug|Any CPU
		{1C04DDBE-3CCC-4F04-85E4-FF7C63BED83E}.Debug|ARM.ActiveCfg = Debug|Any CPU
		{1C04DDBE-3CCC-4F04-85E4-FF7C63BED83E}.Debug|ARM.Build.0 = Debug|Any CPU
		{1C04DDBE-3CCC-4F04-85E4-FF7C63BED83E}.Debug|x64.ActiveCfg = Debug|Any CPU
		{1C04DDBE-3CCC-4F04-85E4-FF7C63BED83E}.Debug|x64.Build.0 = Debug|Any CPU
		{1C04DDBE-3CCC-4F04-85E4-FF7C63BED83E}.Debug|x86.ActiveCfg = Debug|Any CPU
		{1C04DDBE-3CCC-4F04-85E4-FF7C63BED83E}.Debug|x86.Build.0 = Debug|Any CPU
		{1C04DDBE-3CCC-4F04-85E4-FF7C63BED83E}.Release|Any CPU.ActiveCfg = Release|Any CPU
		{1C04DDBE-3CCC-4F04-85E4-FF7C63BED83E}.Release|Any CPU.Build.0 = Release|Any CPU
		{1C04DDBE-3CCC-4F04-85E4-FF7C63BED83E}.Release|ARM.ActiveCfg = Release|Any CPU
		{1C04DDBE-3CCC-4F04-85E4-FF7C63BED83E}.Release|ARM.Build.0 = Release|Any CPU
		{1C04DDBE-3CCC-4F04-85E4-FF7C63BED83E}.Release|x64.ActiveCfg = Release|Any CPU
		{1C04DDBE-3CCC-4F04-85E4-FF7C63BED83E}.Release|x64.Build.0 = Release|Any CPU
		{1C04DDBE-3CCC-4F04-85E4-FF7C63BED83E}.Release|x86.ActiveCfg = Release|Any CPU
		{1C04DDBE-3CCC-4F04-85E4-FF7C63BED83E}.Release|x86.Build.0 = Release|Any CPU
	EndGlobalSection
	GlobalSection(SolutionProperties) = preSolution
		HideSolutionNode = FALSE
	EndGlobalSection
	GlobalSection(ExtensibilityGlobals) = postSolution
		SolutionGuid = {C3C26A6C-6EFE-44DF-AF81-596E99C49166}
	EndGlobalSection
EndGlobal
